
Microsoft Visual Studio Solution File, Format Version 12.00
# Visual Studio Version 17
VisualStudioVersion = 17.7.34031.279
MinimumVisualStudioVersion = 10.0.40219.1
Project("{8BC9CEB8-8B4A-11D0-8D11-00A0C91BC942}") = "3.8", "3.8.vcxproj", "{95371E0A-187C-42EF-9F3D-4E58893BAAEA}"
EndProject
Global
	GlobalSection(SolutionConfigurationPlatforms) = preSolution
		Debug|x64 = Debug|x64
		Debug|x86 = Debug|x86
		Release|x64 = Release|x64
		Release|x86 = Release|x86
	EndGlobalSection
	GlobalSection(ProjectConfigurationPlatforms) = postSolution
		{95371E0A-187C-42EF-9F3D-4E58893BAAEA}.Debug|x64.ActiveCfg = Debug|x64
		{95371E0A-187C-42EF-9F3D-4E58893BAAEA}.Debug|x64.Build.0 = Debug|x64
		{95371E0A-187C-42EF-9F3D-4E58893BAAEA}.Debug|x86.ActiveCfg = Debug|Win32
		{95371E0A-187C-42EF-9F3D-4E58893BAAEA}.Debug|x86.Build.0 = Debug|Win32
		{95371E0A-187C-42EF-9F3D-4E58893BAAEA}.Release|x64.ActiveCfg = Release|x64
		{95371E0A-187C-42EF-9F3D-4E58893BAAEA}.Release|x64.Build.0 = Release|x64
		{95371E0A-187C-42EF-9F3D-4E58893BAAEA}.Release|x86.ActiveCfg = Release|Win32
		{95371E0A-187C-42EF-9F3D-4E58893BAAEA}.Release|x86.Build.0 = Release|Win32
	EndGlobalSection
	GlobalSection(SolutionProperties) = preSolution
		HideSolutionNode = FALSE
	EndGlobalSection
	GlobalSection(ExtensibilityGlobals) = postSolution
		SolutionGuid = {34231881-EBD1-4894-802C-D17D346A034E}
	EndGlobalSection
EndGlobal
