
Microsoft Visual Studio Solution File, Format Version 12.00
# Visual Studio Version 17
VisualStudioVersion = 17.7.34031.279
MinimumVisualStudioVersion = 10.0.40219.1
Project("{8BC9CEB8-8B4A-11D0-8D11-00A0C91BC942}") = "4.9", "4.9.vcxproj", "{3F6EB865-6A05-4EE8-BA9E-9605CEDF0D73}"
EndProject
Global
	GlobalSection(SolutionConfigurationPlatforms) = preSolution
		Debug|x64 = Debug|x64
		Debug|x86 = Debug|x86
		Release|x64 = Release|x64
		Release|x86 = Release|x86
	EndGlobalSection
	GlobalSection(ProjectConfigurationPlatforms) = postSolution
		{3F6EB865-6A05-4EE8-BA9E-9605CEDF0D73}.Debug|x64.ActiveCfg = Debug|x64
		{3F6EB865-6A05-4EE8-BA9E-9605CEDF0D73}.Debug|x64.Build.0 = Debug|x64
		{3F6EB865-6A05-4EE8-BA9E-9605CEDF0D73}.Debug|x86.ActiveCfg = Debug|Win32
		{3F6EB865-6A05-4EE8-BA9E-9605CEDF0D73}.Debug|x86.Build.0 = Debug|Win32
		{3F6EB865-6A05-4EE8-BA9E-9605CEDF0D73}.Release|x64.ActiveCfg = Release|x64
		{3F6EB865-6A05-4EE8-BA9E-9605CEDF0D73}.Release|x64.Build.0 = Release|x64
		{3F6EB865-6A05-4EE8-BA9E-9605CEDF0D73}.Release|x86.ActiveCfg = Release|Win32
		{3F6EB865-6A05-4EE8-BA9E-9605CEDF0D73}.Release|x86.Build.0 = Release|Win32
	EndGlobalSection
	GlobalSection(SolutionProperties) = preSolution
		HideSolutionNode = FALSE
	EndGlobalSection
	GlobalSection(ExtensibilityGlobals) = postSolution
		SolutionGuid = {CDFD9BFD-1293-4E5E-A297-BFF654DAEA5A}
	EndGlobalSection
EndGlobal
